
Microsoft Visual Studio Solution File, Format Version 12.00
# Visual Studio Version 17
VisualStudioVersion = 17.6.33723.286
MinimumVisualStudioVersion = 10.0.40219.1
Project("{FAE04EC0-301F-11D3-BF4B-00C04F79EFBC}") = "Lift_St_Practise", "Lift_St_Practise\Lift_St_Practise.csproj", "{66EDF2A5-6908-4A58-8B3C-D712268DD45C}"
EndProject
Project("{2150E333-8FDC-42A3-9474-1A3956D46DE8}") = "Изображения", "Изображения", "{CC828332-D535-4425-BCDA-EB69C8A0BA80}"
	ProjectSection(SolutionItems) = preProject
		..\..\..\..\..\Pictures\Lift_Model.png = ..\..\..\..\..\Pictures\Lift_Model.png
	EndProjectSection
EndProject
Global
	GlobalSection(SolutionConfigurationPlatforms) = preSolution
		Debug|Any CPU = Debug|Any CPU
		Release|Any CPU = Release|Any CPU
	EndGlobalSection
	GlobalSection(ProjectConfigurationPlatforms) = postSolution
		{66EDF2A5-6908-4A58-8B3C-D712268DD45C}.Debug|Any CPU.ActiveCfg = Debug|Any CPU
		{66EDF2A5-6908-4A58-8B3C-D712268DD45C}.Debug|Any CPU.Build.0 = Debug|Any CPU
		{66EDF2A5-6908-4A58-8B3C-D712268DD45C}.Release|Any CPU.ActiveCfg = Release|Any CPU
		{66EDF2A5-6908-4A58-8B3C-D712268DD45C}.Release|Any CPU.Build.0 = Release|Any CPU
	EndGlobalSection
	GlobalSection(SolutionProperties) = preSolution
		HideSolutionNode = FALSE
	EndGlobalSection
	GlobalSection(ExtensibilityGlobals) = postSolution
		SolutionGuid = {FCB8D995-7F88-41B4-890A-47050AC0975E}
	EndGlobalSection
EndGlobal
